<?xml version="1.0" encoding="utf-8"?>
<Project ToolsVersion="4.0" xmlns="http://schemas.microsoft.com/developer/msbuild/2003">
  <ItemGroup>
    <Filter Include="リソース ファイル">
      <UniqueIdentifier>{67DA6AB6-F800-4c08-8B7A-83BB121AAD01}</UniqueIdentifier>
      <Extensions>rc;ico;cur;bmp;dlg;rc2;rct;bin;rgs;gif;jpg;jpeg;jpe;resx;tiff;tif;png;wav;mfcribbon-ms</Extensions>
    </Filter>
    <Filter Include="Source File">
      <UniqueIdentifier>{4FC737F1-C7A5-4376-A066-2A32D752A2FF}</UniqueIdentifier>
      <Extensions>cpp;c;cc;cxx;def;odl;idl;hpj;bat;asm;asmx</Extensions>
    </Filter>
    <Filter Include="Source File\game">
      <UniqueIdentifier>{11840a5e-c610-49cb-bc5a-9688179fdb2b}</UniqueIdentifier>
    </Filter>
    <Filter Include="Source File\util">
      <UniqueIdentifier>{b1c8793d-c106-4440-9a89-d8c40494400e}</UniqueIdentifier>
    </Filter>
  </ItemGroup>
  <ItemGroup>
    <ClCompile Include="main.cpp">
      <Filter>Source File</Filter>
    </ClCompile>
    <ClCompile Include="player.cpp">
      <Filter>Source File\game</Filter>
    </ClCompile>
    <ClCompile Include="element.cpp">
      <Filter>Source File\game</Filter>
    </ClCompile>
    <ClCompile Include="heap.cpp">
      <Filter>Source File\util</Filter>
    </ClCompile>
    <ClCompile Include="node.cpp">
      <Filter>Source File\util</Filter>
    </ClCompile>
    <ClCompile Include="bezier.cpp">
      <Filter>Source File\util</Filter>
    </ClCompile>
    <ClCompile Include="map.cpp">
      <Filter>Source File\game</Filter>
    </ClCompile>
    <ClCompile Include="core.cpp">
      <Filter>Source File\util</Filter>
    </ClCompile>
    <ClCompile Include="d3d.cpp">
      <Filter>Source File\util</Filter>
    </ClCompile>
    <ClCompile Include="model.cpp">
      <Filter>Source File\game</Filter>
    </ClCompile>
    <ClCompile Include="intersection.cpp">
      <Filter>Source File</Filter>
    </ClCompile>
    <ClCompile Include="stage.cpp">
      <Filter>Source File</Filter>
    </ClCompile>
  </ItemGroup>
  <ItemGroup>
    <ClInclude Include="element.h">
      <Filter>Source File\game</Filter>
    </ClInclude>
    <ClInclude Include="player.h">
      <Filter>Source File\game</Filter>
    </ClInclude>
    <ClInclude Include="main.h">
      <Filter>Source File</Filter>
    </ClInclude>
    <ClInclude Include="heap.h">
      <Filter>Source File\util</Filter>
    </ClInclude>
    <ClInclude Include="node.h">
      <Filter>Source File\util</Filter>
    </ClInclude>
    <ClInclude Include="bezier.h">
      <Filter>Source File\util</Filter>
    </ClInclude>
    <ClInclude Include="map.h">
      <Filter>Source File\game</Filter>
    </ClInclude>
    <ClInclude Include="core.h">
      <Filter>Source File\util</Filter>
    </ClInclude>
    <ClInclude Include="d3d.h">
      <Filter>Source File\util</Filter>
    </ClInclude>
    <ClInclude Include="model.h">
      <Filter>Source File\game</Filter>
    </ClInclude>
    <ClInclude Include="game.h">
      <Filter>Source File</Filter>
    </ClInclude>
    <ClInclude Include="intersection.h">
      <Filter>Source File</Filter>
    </ClInclude>
    <ClInclude Include="util.h">
      <Filter>Source File</Filter>
    </ClInclude>
    <ClInclude Include="stage.h">
      <Filter>Source File\util</Filter>
    </ClInclude>
  </ItemGroup>
</Project>