<?xml version="1.0" encoding="utf-8"?>
<Project ToolsVersion="4.0" xmlns="http://schemas.microsoft.com/developer/msbuild/2003">
  <ItemGroup>
    <Filter Include="リソース ファイル">
      <UniqueIdentifier>{67DA6AB6-F800-4c08-8B7A-83BB121AAD01}</UniqueIdentifier>
      <Extensions>rc;ico;cur;bmp;dlg;rc2;rct;bin;rgs;gif;jpg;jpeg;jpe;resx;tiff;tif;png;wav;mfcribbon-ms</Extensions>
    </Filter>
    <Filter Include="Source File">
      <UniqueIdentifier>{4FC737F1-C7A5-4376-A066-2A32D752A2FF}</UniqueIdentifier>
      <Extensions>cpp;c;cc;cxx;def;odl;idl;hpj;bat;asm;asmx</Extensions>
    </Filter>
    <Filter Include="Source File\game">
      <UniqueIdentifier>{11840a5e-c610-49cb-bc5a-9688179fdb2b}</UniqueIdentifier>
    </Filter>
    <Filter Include="Source File\util">
      <UniqueIdentifier>{b1c8793d-c106-4440-9a89-d8c40494400e}</UniqueIdentifier>
    </Filter>
    <Filter Include="Source File\ui">
      <UniqueIdentifier>{f188adbd-a13c-45ce-a64f-38d74b89cfbc}</UniqueIdentifier>
    </Filter>
  </ItemGroup>
  <ItemGroup>
    <ClCompile Include="main.cpp">
      <Filter>Source File</Filter>
    </ClCompile>
    <ClCompile Include="player.cpp">
      <Filter>Source File\game</Filter>
    </ClCompile>
    <ClCompile Include="element.cpp">
      <Filter>Source File\game</Filter>
    </ClCompile>
    <ClCompile Include="d3d.cpp">
      <Filter>Source File\util</Filter>
    </ClCompile>
    <ClCompile Include="intersection.cpp">
      <Filter>Source File</Filter>
    </ClCompile>
    <ClCompile Include="stage.cpp">
      <Filter>Source File\util</Filter>
    </ClCompile>
    <ClCompile Include="game.cpp">
      <Filter>Source File\game</Filter>
    </ClCompile>
    <ClCompile Include="camera.cpp">
      <Filter>Source File\game</Filter>
    </ClCompile>
    <ClCompile Include="sound.cpp">
      <Filter>Source File\util</Filter>
    </ClCompile>
    <ClCompile Include="input.cpp">
      <Filter>Source File\util</Filter>
    </ClCompile>
    <ClCompile Include="model.cpp">
      <Filter>Source File\util</Filter>
    </ClCompile>
    <ClCompile Include="polygon.cpp">
      <Filter>Source File\util</Filter>
    </ClCompile>
    <ClCompile Include="sky.cpp">
      <Filter>Source File\game</Filter>
    </ClCompile>
    <ClCompile Include="light.cpp">
      <Filter>Source File\game</Filter>
    </ClCompile>
    <ClCompile Include="image.cpp">
      <Filter>Source File\util</Filter>
    </ClCompile>
    <ClCompile Include="particle.cpp">
      <Filter>Source File\util</Filter>
    </ClCompile>
    <ClCompile Include="maths.cpp">
      <Filter>Source File\util</Filter>
    </ClCompile>
    <ClCompile Include="easing.cpp">
      <Filter>Source File\util</Filter>
    </ClCompile>
    <ClCompile Include="bullet.cpp">
      <Filter>Source File\game</Filter>
    </ClCompile>
    <ClCompile Include="terrain.cpp">
      <Filter>Source File\game</Filter>
    </ClCompile>
    <ClCompile Include="perlin.cpp">
      <Filter>Source File\util</Filter>
    </ClCompile>
    <ClCompile Include="meshfield.cpp">
      <Filter>Source File\util</Filter>
    </ClCompile>
    <ClCompile Include="ui_game.cpp">
      <Filter>Source File\ui</Filter>
    </ClCompile>
    <ClCompile Include="ui_digits.cpp">
      <Filter>Source File\ui</Filter>
    </ClCompile>
    <ClCompile Include="barrier.cpp">
      <Filter>Source File\game</Filter>
    </ClCompile>
  </ItemGroup>
  <ItemGroup>
    <ClInclude Include="element.h">
      <Filter>Source File\game</Filter>
    </ClInclude>
    <ClInclude Include="player.h">
      <Filter>Source File\game</Filter>
    </ClInclude>
    <ClInclude Include="main.h">
      <Filter>Source File</Filter>
    </ClInclude>
    <ClInclude Include="core.h">
      <Filter>Source File\util</Filter>
    </ClInclude>
    <ClInclude Include="d3d.h">
      <Filter>Source File\util</Filter>
    </ClInclude>
    <ClInclude Include="intersection.h">
      <Filter>Source File</Filter>
    </ClInclude>
    <ClInclude Include="util.h">
      <Filter>Source File</Filter>
    </ClInclude>
    <ClInclude Include="stage.h">
      <Filter>Source File\util</Filter>
    </ClInclude>
    <ClInclude Include="game.h">
      <Filter>Source File\game</Filter>
    </ClInclude>
    <ClInclude Include="camera.h">
      <Filter>Source File\game</Filter>
    </ClInclude>
    <ClInclude Include="sound.h">
      <Filter>Source File\util</Filter>
    </ClInclude>
    <ClInclude Include="input.h">
      <Filter>Source File\util</Filter>
    </ClInclude>
    <ClInclude Include="light.h">
      <Filter>Source File\game</Filter>
    </ClInclude>
    <ClInclude Include="model.h">
      <Filter>Source File\util</Filter>
    </ClInclude>
    <ClInclude Include="polygon.h">
      <Filter>Source File\util</Filter>
    </ClInclude>
    <ClInclude Include="sky.h">
      <Filter>Source File\game</Filter>
    </ClInclude>
    <ClInclude Include="image.h">
      <Filter>Source File\util</Filter>
    </ClInclude>
    <ClInclude Include="gamemain.h">
      <Filter>Source File\game</Filter>
    </ClInclude>
    <ClInclude Include="particle.h">
      <Filter>Source File\util</Filter>
    </ClInclude>
    <ClInclude Include="maths.h">
      <Filter>Source File\util</Filter>
    </ClInclude>
    <ClInclude Include="easing.h">
      <Filter>Source File\util</Filter>
    </ClInclude>
    <ClInclude Include="bullet.h">
      <Filter>Source File\game</Filter>
    </ClInclude>
    <ClInclude Include="terrain.h">
      <Filter>Source File\game</Filter>
    </ClInclude>
    <ClInclude Include="perlin.h">
      <Filter>Source File\util</Filter>
    </ClInclude>
    <ClInclude Include="meshfield.h">
      <Filter>Source File\util</Filter>
    </ClInclude>
    <ClInclude Include="ui_game.h">
      <Filter>Source File\ui</Filter>
    </ClInclude>
    <ClInclude Include="ui_digits.h">
      <Filter>Source File\ui</Filter>
    </ClInclude>
    <ClInclude Include="barrier.h">
      <Filter>Source File\game</Filter>
    </ClInclude>
  </ItemGroup>
  <ItemGroup>
    <None Include="..\README.md">
      <Filter>リソース ファイル</Filter>
    </None>
  </ItemGroup>
</Project>